// !$*UTF8*$!
{
	archiveVersion = 1;
	classes = {
	};
	objectVersion = 46;
	objects = {

/* Begin PBXBuildFile section */
		3E4B8BE21B976D09007BFE57 /* AddReminderDetailViewController.m in Sources */ = {isa = PBXBuildFile; fileRef = 3E4B8BE11B976D09007BFE57 /* AddReminderDetailViewController.m */; };
		3E4B8BEF1B97800F007BFE57 /* Parse.framework in Frameworks */ = {isa = PBXBuildFile; fileRef = 3E4B8BE91B97800F007BFE57 /* Parse.framework */; };
		3E4B8BF01B97800F007BFE57 /* ParseCrashReporting.framework in Frameworks */ = {isa = PBXBuildFile; fileRef = 3E4B8BEA1B97800F007BFE57 /* ParseCrashReporting.framework */; };
		3E4B8BF11B97800F007BFE57 /* ParseFacebookUtils.framework in Frameworks */ = {isa = PBXBuildFile; fileRef = 3E4B8BEB1B97800F007BFE57 /* ParseFacebookUtils.framework */; };
		3E4B8BF21B97800F007BFE57 /* ParseFacebookUtilsV4.framework in Frameworks */ = {isa = PBXBuildFile; fileRef = 3E4B8BEC1B97800F007BFE57 /* ParseFacebookUtilsV4.framework */; };
		3E4B8BF31B97800F007BFE57 /* ParseTwitterUtils.framework in Frameworks */ = {isa = PBXBuildFile; fileRef = 3E4B8BED1B97800F007BFE57 /* ParseTwitterUtils.framework */; };
		3E4B8BF41B97800F007BFE57 /* ParseUI.framework in Frameworks */ = {isa = PBXBuildFile; fileRef = 3E4B8BEE1B97800F007BFE57 /* ParseUI.framework */; };
		3E4B8BF61B97803B007BFE57 /* AudioToolbox.framework in Frameworks */ = {isa = PBXBuildFile; fileRef = 3E4B8BF51B97803B007BFE57 /* AudioToolbox.framework */; };
		3E4B8BF81B97804A007BFE57 /* CFNetwork.framework in Frameworks */ = {isa = PBXBuildFile; fileRef = 3E4B8BF71B97804A007BFE57 /* CFNetwork.framework */; };
		3E4B8BFA1B978056007BFE57 /* CoreGraphics.framework in Frameworks */ = {isa = PBXBuildFile; fileRef = 3E4B8BF91B978056007BFE57 /* CoreGraphics.framework */; };
		3E4B8BFC1B978062007BFE57 /* CoreLocation.framework in Frameworks */ = {isa = PBXBuildFile; fileRef = 3E4B8BFB1B978062007BFE57 /* CoreLocation.framework */; };
		3E4B8BFE1B97806E007BFE57 /* QuartzCore.framework in Frameworks */ = {isa = PBXBuildFile; fileRef = 3E4B8BFD1B97806E007BFE57 /* QuartzCore.framework */; };
		3E4B8C001B97807E007BFE57 /* Security.framework in Frameworks */ = {isa = PBXBuildFile; fileRef = 3E4B8BFF1B97807E007BFE57 /* Security.framework */; };
		3E4B8C021B97808A007BFE57 /* StoreKit.framework in Frameworks */ = {isa = PBXBuildFile; fileRef = 3E4B8C011B97808A007BFE57 /* StoreKit.framework */; };
		3E4B8C041B978097007BFE57 /* SystemConfiguration.framework in Frameworks */ = {isa = PBXBuildFile; fileRef = 3E4B8C031B978097007BFE57 /* SystemConfiguration.framework */; };
		3E4B8C061B9780A7007BFE57 /* libz.dylib in Frameworks */ = {isa = PBXBuildFile; fileRef = 3E4B8C051B9780A7007BFE57 /* libz.dylib */; };
		3E4B8C081B9780B7007BFE57 /* libsqlite3.dylib in Frameworks */ = {isa = PBXBuildFile; fileRef = 3E4B8C071B9780B7007BFE57 /* libsqlite3.dylib */; };
		3E4B8C0A1B9780C8007BFE57 /* Accounts.framework in Frameworks */ = {isa = PBXBuildFile; fileRef = 3E4B8C091B9780C8007BFE57 /* Accounts.framework */; };
		3E4B8C0C1B9780D4007BFE57 /* Social.framework in Frameworks */ = {isa = PBXBuildFile; fileRef = 3E4B8C0B1B9780D4007BFE57 /* Social.framework */; };
		3E4B8C121B97B92D007BFE57 /* Bolts.framework in Frameworks */ = {isa = PBXBuildFile; fileRef = 3E4B8C111B97B92D007BFE57 /* Bolts.framework */; };
		3E4B8C151B97CCE6007BFE57 /* Reminder.m in Sources */ = {isa = PBXBuildFile; fileRef = 3E4B8C141B97CCE6007BFE57 /* Reminder.m */; };
		3E4B8C181B98BB7C007BFE57 /* constants.m in Sources */ = {isa = PBXBuildFile; fileRef = 3E4B8C171B98BB7C007BFE57 /* constants.m */; };
		3E4B8C241B98D019007BFE57 /* MyLoginViewController.m in Sources */ = {isa = PBXBuildFile; fileRef = 3E4B8C231B98D019007BFE57 /* MyLoginViewController.m */; };
		3E4B8C271B9DED8D007BFE57 /* LinkedList.m in Sources */ = {isa = PBXBuildFile; fileRef = 3E4B8C261B9DED8D007BFE57 /* LinkedList.m */; };
		3E4B8C2A1B9E05D0007BFE57 /* Node.m in Sources */ = {isa = PBXBuildFile; fileRef = 3E4B8C291B9E05D0007BFE57 /* Node.m */; };
		3E5FFCBE1B950CB100ED0BC4 /* main.m in Sources */ = {isa = PBXBuildFile; fileRef = 3E5FFCBD1B950CB100ED0BC4 /* main.m */; };
		3E5FFCC11B950CB100ED0BC4 /* AppDelegate.m in Sources */ = {isa = PBXBuildFile; fileRef = 3E5FFCC01B950CB100ED0BC4 /* AppDelegate.m */; };
		3E5FFCC41B950CB100ED0BC4 /* ViewController.m in Sources */ = {isa = PBXBuildFile; fileRef = 3E5FFCC31B950CB100ED0BC4 /* ViewController.m */; };
		3E5FFCC71B950CB100ED0BC4 /* Main.storyboard in Resources */ = {isa = PBXBuildFile; fileRef = 3E5FFCC51B950CB100ED0BC4 /* Main.storyboard */; };
		3E5FFCC91B950CB100ED0BC4 /* Images.xcassets in Resources */ = {isa = PBXBuildFile; fileRef = 3E5FFCC81B950CB100ED0BC4 /* Images.xcassets */; };
		3E5FFCCC1B950CB100ED0BC4 /* LaunchScreen.xib in Resources */ = {isa = PBXBuildFile; fileRef = 3E5FFCCA1B950CB100ED0BC4 /* LaunchScreen.xib */; };
		3E5FFCD81B950CB100ED0BC4 /* LocationRemindersTests.m in Sources */ = {isa = PBXBuildFile; fileRef = 3E5FFCD71B950CB100ED0BC4 /* LocationRemindersTests.m */; };
		3E5FFCE21B950CBD00ED0BC4 /* MapKit.framework in Frameworks */ = {isa = PBXBuildFile; fileRef = 3E5FFCE11B950CBD00ED0BC4 /* MapKit.framework */; };
/* End PBXBuildFile section */

/* Begin PBXContainerItemProxy section */
		3E5FFCD21B950CB100ED0BC4 /* PBXContainerItemProxy */ = {
			isa = PBXContainerItemProxy;
			containerPortal = 3E5FFCB01B950CB100ED0BC4 /* Project object */;
			proxyType = 1;
			remoteGlobalIDString = 3E5FFCB71B950CB100ED0BC4;
			remoteInfo = LocationReminders;
		};
/* End PBXContainerItemProxy section */

/* Begin PBXFileReference section */
		3E4B8BE01B976D09007BFE57 /* AddReminderDetailViewController.h */ = {isa = PBXFileReference; fileEncoding = 4; lastKnownFileType = sourcecode.c.h; path = AddReminderDetailViewController.h; sourceTree = "<group>"; };
		3E4B8BE11B976D09007BFE57 /* AddReminderDetailViewController.m */ = {isa = PBXFileReference; fileEncoding = 4; lastKnownFileType = sourcecode.c.objc; path = AddReminderDetailViewController.m; sourceTree = "<group>"; };
		3E4B8BE91B97800F007BFE57 /* Parse.framework */ = {isa = PBXFileReference; lastKnownFileType = wrapper.framework; path = Parse.framework; sourceTree = "<group>"; };
		3E4B8BEA1B97800F007BFE57 /* ParseCrashReporting.framework */ = {isa = PBXFileReference; lastKnownFileType = wrapper.framework; path = ParseCrashReporting.framework; sourceTree = "<group>"; };
		3E4B8BEB1B97800F007BFE57 /* ParseFacebookUtils.framework */ = {isa = PBXFileReference; lastKnownFileType = wrapper.framework; path = ParseFacebookUtils.framework; sourceTree = "<group>"; };
		3E4B8BEC1B97800F007BFE57 /* ParseFacebookUtilsV4.framework */ = {isa = PBXFileReference; lastKnownFileType = wrapper.framework; path = ParseFacebookUtilsV4.framework; sourceTree = "<group>"; };
		3E4B8BED1B97800F007BFE57 /* ParseTwitterUtils.framework */ = {isa = PBXFileReference; lastKnownFileType = wrapper.framework; path = ParseTwitterUtils.framework; sourceTree = "<group>"; };
		3E4B8BEE1B97800F007BFE57 /* ParseUI.framework */ = {isa = PBXFileReference; lastKnownFileType = wrapper.framework; path = ParseUI.framework; sourceTree = "<group>"; };
		3E4B8BF51B97803B007BFE57 /* AudioToolbox.framework */ = {isa = PBXFileReference; lastKnownFileType = wrapper.framework; name = AudioToolbox.framework; path = System/Library/Frameworks/AudioToolbox.framework; sourceTree = SDKROOT; };
		3E4B8BF71B97804A007BFE57 /* CFNetwork.framework */ = {isa = PBXFileReference; lastKnownFileType = wrapper.framework; name = CFNetwork.framework; path = System/Library/Frameworks/CFNetwork.framework; sourceTree = SDKROOT; };
		3E4B8BF91B978056007BFE57 /* CoreGraphics.framework */ = {isa = PBXFileReference; lastKnownFileType = wrapper.framework; name = CoreGraphics.framework; path = System/Library/Frameworks/CoreGraphics.framework; sourceTree = SDKROOT; };
		3E4B8BFB1B978062007BFE57 /* CoreLocation.framework */ = {isa = PBXFileReference; lastKnownFileType = wrapper.framework; name = CoreLocation.framework; path = System/Library/Frameworks/CoreLocation.framework; sourceTree = SDKROOT; };
		3E4B8BFD1B97806E007BFE57 /* QuartzCore.framework */ = {isa = PBXFileReference; lastKnownFileType = wrapper.framework; name = QuartzCore.framework; path = System/Library/Frameworks/QuartzCore.framework; sourceTree = SDKROOT; };
		3E4B8BFF1B97807E007BFE57 /* Security.framework */ = {isa = PBXFileReference; lastKnownFileType = wrapper.framework; name = Security.framework; path = System/Library/Frameworks/Security.framework; sourceTree = SDKROOT; };
		3E4B8C011B97808A007BFE57 /* StoreKit.framework */ = {isa = PBXFileReference; lastKnownFileType = wrapper.framework; name = StoreKit.framework; path = System/Library/Frameworks/StoreKit.framework; sourceTree = SDKROOT; };
		3E4B8C031B978097007BFE57 /* SystemConfiguration.framework */ = {isa = PBXFileReference; lastKnownFileType = wrapper.framework; name = SystemConfiguration.framework; path = System/Library/Frameworks/SystemConfiguration.framework; sourceTree = SDKROOT; };
		3E4B8C051B9780A7007BFE57 /* libz.dylib */ = {isa = PBXFileReference; lastKnownFileType = "compiled.mach-o.dylib"; name = libz.dylib; path = usr/lib/libz.dylib; sourceTree = SDKROOT; };
		3E4B8C071B9780B7007BFE57 /* libsqlite3.dylib */ = {isa = PBXFileReference; lastKnownFileType = "compiled.mach-o.dylib"; name = libsqlite3.dylib; path = usr/lib/libsqlite3.dylib; sourceTree = SDKROOT; };
		3E4B8C091B9780C8007BFE57 /* Accounts.framework */ = {isa = PBXFileReference; lastKnownFileType = wrapper.framework; name = Accounts.framework; path = System/Library/Frameworks/Accounts.framework; sourceTree = SDKROOT; };
		3E4B8C0B1B9780D4007BFE57 /* Social.framework */ = {isa = PBXFileReference; lastKnownFileType = wrapper.framework; name = Social.framework; path = System/Library/Frameworks/Social.framework; sourceTree = SDKROOT; };
		3E4B8C111B97B92D007BFE57 /* Bolts.framework */ = {isa = PBXFileReference; lastKnownFileType = wrapper.framework; path = Bolts.framework; sourceTree = "<group>"; };
		3E4B8C131B97CCE6007BFE57 /* Reminder.h */ = {isa = PBXFileReference; fileEncoding = 4; lastKnownFileType = sourcecode.c.h; path = Reminder.h; sourceTree = "<group>"; };
		3E4B8C141B97CCE6007BFE57 /* Reminder.m */ = {isa = PBXFileReference; fileEncoding = 4; lastKnownFileType = sourcecode.c.objc; path = Reminder.m; sourceTree = "<group>"; };
		3E4B8C161B98BB7C007BFE57 /* constants.h */ = {isa = PBXFileReference; fileEncoding = 4; lastKnownFileType = sourcecode.c.h; path = constants.h; sourceTree = "<group>"; };
		3E4B8C171B98BB7C007BFE57 /* constants.m */ = {isa = PBXFileReference; fileEncoding = 4; lastKnownFileType = sourcecode.c.objc; path = constants.m; sourceTree = "<group>"; };
		3E4B8C221B98D019007BFE57 /* MyLoginViewController.h */ = {isa = PBXFileReference; fileEncoding = 4; lastKnownFileType = sourcecode.c.h; path = MyLoginViewController.h; sourceTree = "<group>"; };
		3E4B8C231B98D019007BFE57 /* MyLoginViewController.m */ = {isa = PBXFileReference; fileEncoding = 4; lastKnownFileType = sourcecode.c.objc; path = MyLoginViewController.m; sourceTree = "<group>"; };
		3E4B8C251B9DED8D007BFE57 /* LinkedList.h */ = {isa = PBXFileReference; fileEncoding = 4; lastKnownFileType = sourcecode.c.h; path = LinkedList.h; sourceTree = "<group>"; };
		3E4B8C261B9DED8D007BFE57 /* LinkedList.m */ = {isa = PBXFileReference; fileEncoding = 4; lastKnownFileType = sourcecode.c.objc; path = LinkedList.m; sourceTree = "<group>"; };
		3E4B8C281B9E05D0007BFE57 /* Node.h */ = {isa = PBXFileReference; fileEncoding = 4; lastKnownFileType = sourcecode.c.h; path = Node.h; sourceTree = "<group>"; };
		3E4B8C291B9E05D0007BFE57 /* Node.m */ = {isa = PBXFileReference; fileEncoding = 4; lastKnownFileType = sourcecode.c.objc; path = Node.m; sourceTree = "<group>"; };
		3E5FFCB81B950CB100ED0BC4 /* LocationReminders.app */ = {isa = PBXFileReference; explicitFileType = wrapper.application; includeInIndex = 0; path = LocationReminders.app; sourceTree = BUILT_PRODUCTS_DIR; };
		3E5FFCBC1B950CB100ED0BC4 /* Info.plist */ = {isa = PBXFileReference; lastKnownFileType = text.plist.xml; path = Info.plist; sourceTree = "<group>"; };
		3E5FFCBD1B950CB100ED0BC4 /* main.m */ = {isa = PBXFileReference; lastKnownFileType = sourcecode.c.objc; path = main.m; sourceTree = "<group>"; };
		3E5FFCBF1B950CB100ED0BC4 /* AppDelegate.h */ = {isa = PBXFileReference; lastKnownFileType = sourcecode.c.h; path = AppDelegate.h; sourceTree = "<group>"; };
		3E5FFCC01B950CB100ED0BC4 /* AppDelegate.m */ = {isa = PBXFileReference; lastKnownFileType = sourcecode.c.objc; path = AppDelegate.m; sourceTree = "<group>"; };
		3E5FFCC21B950CB100ED0BC4 /* ViewController.h */ = {isa = PBXFileReference; lastKnownFileType = sourcecode.c.h; path = ViewController.h; sourceTree = "<group>"; };
		3E5FFCC31B950CB100ED0BC4 /* ViewController.m */ = {isa = PBXFileReference; lastKnownFileType = sourcecode.c.objc; path = ViewController.m; sourceTree = "<group>"; };
		3E5FFCC61B950CB100ED0BC4 /* Base */ = {isa = PBXFileReference; lastKnownFileType = file.storyboard; name = Base; path = Base.lproj/Main.storyboard; sourceTree = "<group>"; };
		3E5FFCC81B950CB100ED0BC4 /* Images.xcassets */ = {isa = PBXFileReference; lastKnownFileType = folder.assetcatalog; path = Images.xcassets; sourceTree = "<group>"; };
		3E5FFCCB1B950CB100ED0BC4 /* Base */ = {isa = PBXFileReference; lastKnownFileType = file.xib; name = Base; path = Base.lproj/LaunchScreen.xib; sourceTree = "<group>"; };
		3E5FFCD11B950CB100ED0BC4 /* LocationRemindersTests.xctest */ = {isa = PBXFileReference; explicitFileType = wrapper.cfbundle; includeInIndex = 0; path = LocationRemindersTests.xctest; sourceTree = BUILT_PRODUCTS_DIR; };
		3E5FFCD61B950CB100ED0BC4 /* Info.plist */ = {isa = PBXFileReference; lastKnownFileType = text.plist.xml; path = Info.plist; sourceTree = "<group>"; };
		3E5FFCD71B950CB100ED0BC4 /* LocationRemindersTests.m */ = {isa = PBXFileReference; lastKnownFileType = sourcecode.c.objc; path = LocationRemindersTests.m; sourceTree = "<group>"; };
		3E5FFCE11B950CBD00ED0BC4 /* MapKit.framework */ = {isa = PBXFileReference; lastKnownFileType = wrapper.framework; name = MapKit.framework; path = System/Library/Frameworks/MapKit.framework; sourceTree = SDKROOT; };
/* End PBXFileReference section */

/* Begin PBXFrameworksBuildPhase section */
		3E5FFCB51B950CB100ED0BC4 /* Frameworks */ = {
			isa = PBXFrameworksBuildPhase;
			buildActionMask = 2147483647;
			files = (
				3E4B8C0C1B9780D4007BFE57 /* Social.framework in Frameworks */,
				3E4B8C0A1B9780C8007BFE57 /* Accounts.framework in Frameworks */,
				3E4B8C081B9780B7007BFE57 /* libsqlite3.dylib in Frameworks */,
				3E4B8C061B9780A7007BFE57 /* libz.dylib in Frameworks */,
				3E4B8C041B978097007BFE57 /* SystemConfiguration.framework in Frameworks */,
				3E4B8C021B97808A007BFE57 /* StoreKit.framework in Frameworks */,
				3E4B8C001B97807E007BFE57 /* Security.framework in Frameworks */,
				3E4B8BFE1B97806E007BFE57 /* QuartzCore.framework in Frameworks */,
				3E4B8BFC1B978062007BFE57 /* CoreLocation.framework in Frameworks */,
				3E4B8BFA1B978056007BFE57 /* CoreGraphics.framework in Frameworks */,
				3E4B8BF81B97804A007BFE57 /* CFNetwork.framework in Frameworks */,
				3E4B8BF61B97803B007BFE57 /* AudioToolbox.framework in Frameworks */,
				3E4B8BEF1B97800F007BFE57 /* Parse.framework in Frameworks */,
				3E4B8BF01B97800F007BFE57 /* ParseCrashReporting.framework in Frameworks */,
				3E4B8BF41B97800F007BFE57 /* ParseUI.framework in Frameworks */,
				3E4B8C121B97B92D007BFE57 /* Bolts.framework in Frameworks */,
				3E4B8BF11B97800F007BFE57 /* ParseFacebookUtils.framework in Frameworks */,
				3E5FFCE21B950CBD00ED0BC4 /* MapKit.framework in Frameworks */,
				3E4B8BF31B97800F007BFE57 /* ParseTwitterUtils.framework in Frameworks */,
				3E4B8BF21B97800F007BFE57 /* ParseFacebookUtilsV4.framework in Frameworks */,
			);
			runOnlyForDeploymentPostprocessing = 0;
		};
		3E5FFCCE1B950CB100ED0BC4 /* Frameworks */ = {
			isa = PBXFrameworksBuildPhase;
			buildActionMask = 2147483647;
			files = (
			);
			runOnlyForDeploymentPostprocessing = 0;
		};
/* End PBXFrameworksBuildPhase section */

/* Begin PBXGroup section */
		3E4B8BE31B977E9B007BFE57 /* Controller */ = {
			isa = PBXGroup;
			children = (
				3E4B8C221B98D019007BFE57 /* MyLoginViewController.h */,
				3E4B8C231B98D019007BFE57 /* MyLoginViewController.m */,
			);
			name = Controller;
			sourceTree = "<group>";
		};
		3E4B8BE41B977EB5007BFE57 /* Model */ = {
			isa = PBXGroup;
			children = (
				3E4B8C161B98BB7C007BFE57 /* constants.h */,
				3E4B8C171B98BB7C007BFE57 /* constants.m */,
				3E4B8C131B97CCE6007BFE57 /* Reminder.h */,
				3E4B8C141B97CCE6007BFE57 /* Reminder.m */,
			);
			name = Model;
			sourceTree = "<group>";
		};
		3E4B8BE51B977EBD007BFE57 /* View */ = {
			isa = PBXGroup;
			children = (
				3E5FFCC51B950CB100ED0BC4 /* Main.storyboard */,
			);
			name = View;
			sourceTree = "<group>";
		};
		3E4B8BE61B977EED007BFE57 /* Frameworks */ = {
			isa = PBXGroup;
			children = (
				3E4B8C111B97B92D007BFE57 /* Bolts.framework */,
				3E4B8C0B1B9780D4007BFE57 /* Social.framework */,
				3E4B8C091B9780C8007BFE57 /* Accounts.framework */,
				3E4B8C071B9780B7007BFE57 /* libsqlite3.dylib */,
				3E4B8C051B9780A7007BFE57 /* libz.dylib */,
				3E4B8C031B978097007BFE57 /* SystemConfiguration.framework */,
				3E4B8C011B97808A007BFE57 /* StoreKit.framework */,
				3E4B8BFF1B97807E007BFE57 /* Security.framework */,
				3E4B8BFD1B97806E007BFE57 /* QuartzCore.framework */,
				3E4B8BFB1B978062007BFE57 /* CoreLocation.framework */,
				3E4B8BF91B978056007BFE57 /* CoreGraphics.framework */,
				3E4B8BF71B97804A007BFE57 /* CFNetwork.framework */,
				3E4B8BF51B97803B007BFE57 /* AudioToolbox.framework */,
				3E4B8BE91B97800F007BFE57 /* Parse.framework */,
				3E4B8BEA1B97800F007BFE57 /* ParseCrashReporting.framework */,
				3E4B8BEB1B97800F007BFE57 /* ParseFacebookUtils.framework */,
				3E4B8BEC1B97800F007BFE57 /* ParseFacebookUtilsV4.framework */,
				3E4B8BED1B97800F007BFE57 /* ParseTwitterUtils.framework */,
				3E4B8BEE1B97800F007BFE57 /* ParseUI.framework */,
				3E5FFCE11B950CBD00ED0BC4 /* MapKit.framework */,
			);
			name = Frameworks;
			sourceTree = "<group>";
		};
		3E5FFCAF1B950CB100ED0BC4 = {
			isa = PBXGroup;
			children = (
				3E4B8BE61B977EED007BFE57 /* Frameworks */,
				3E5FFCBA1B950CB100ED0BC4 /* LocationReminders */,
				3E5FFCD41B950CB100ED0BC4 /* LocationRemindersTests */,
				3E5FFCB91B950CB100ED0BC4 /* Products */,
			);
			sourceTree = "<group>";
		};
		3E5FFCB91B950CB100ED0BC4 /* Products */ = {
			isa = PBXGroup;
			children = (
				3E5FFCB81B950CB100ED0BC4 /* LocationReminders.app */,
				3E5FFCD11B950CB100ED0BC4 /* LocationRemindersTests.xctest */,
			);
			name = Products;
			sourceTree = "<group>";
		};
		3E5FFCBA1B950CB100ED0BC4 /* LocationReminders */ = {
			isa = PBXGroup;
			children = (
				3E4B8BE51B977EBD007BFE57 /* View */,
				3E4B8BE41B977EB5007BFE57 /* Model */,
				3E4B8BE31B977E9B007BFE57 /* Controller */,
				3E4B8BE01B976D09007BFE57 /* AddReminderDetailViewController.h */,
				3E4B8BE11B976D09007BFE57 /* AddReminderDetailViewController.m */,
				3E5FFCC21B950CB100ED0BC4 /* ViewController.h */,
				3E5FFCC31B950CB100ED0BC4 /* ViewController.m */,
				3E5FFCBB1B950CB100ED0BC4 /* Supporting Files */,
			);
			path = LocationReminders;
			sourceTree = "<group>";
		};
		3E5FFCBB1B950CB100ED0BC4 /* Supporting Files */ = {
			isa = PBXGroup;
			children = (
				3E4B8C251B9DED8D007BFE57 /* LinkedList.h */,
				3E4B8C261B9DED8D007BFE57 /* LinkedList.m */,
				3E4B8C281B9E05D0007BFE57 /* Node.h */,
				3E4B8C291B9E05D0007BFE57 /* Node.m */,
				3E5FFCBF1B950CB100ED0BC4 /* AppDelegate.h */,
				3E5FFCC01B950CB100ED0BC4 /* AppDelegate.m */,
				3E5FFCCA1B950CB100ED0BC4 /* LaunchScreen.xib */,
				3E5FFCC81B950CB100ED0BC4 /* Images.xcassets */,
				3E5FFCBC1B950CB100ED0BC4 /* Info.plist */,
				3E5FFCBD1B950CB100ED0BC4 /* main.m */,
			);
			name = "Supporting Files";
			sourceTree = "<group>";
		};
		3E5FFCD41B950CB100ED0BC4 /* LocationRemindersTests */ = {
			isa = PBXGroup;
			children = (
				3E5FFCD71B950CB100ED0BC4 /* LocationRemindersTests.m */,
				3E5FFCD51B950CB100ED0BC4 /* Supporting Files */,
			);
			path = LocationRemindersTests;
			sourceTree = "<group>";
		};
		3E5FFCD51B950CB100ED0BC4 /* Supporting Files */ = {
			isa = PBXGroup;
			children = (
				3E5FFCD61B950CB100ED0BC4 /* Info.plist */,
			);
			name = "Supporting Files";
			sourceTree = "<group>";
		};
/* End PBXGroup section */

/* Begin PBXNativeTarget section */
		3E5FFCB71B950CB100ED0BC4 /* LocationReminders */ = {
			isa = PBXNativeTarget;
			buildConfigurationList = 3E5FFCDB1B950CB100ED0BC4 /* Build configuration list for PBXNativeTarget "LocationReminders" */;
			buildPhases = (
				3E5FFCB41B950CB100ED0BC4 /* Sources */,
				3E5FFCB51B950CB100ED0BC4 /* Frameworks */,
				3E5FFCB61B950CB100ED0BC4 /* Resources */,
			);
			buildRules = (
			);
			dependencies = (
			);
			name = LocationReminders;
			productName = LocationReminders;
			productReference = 3E5FFCB81B950CB100ED0BC4 /* LocationReminders.app */;
			productType = "com.apple.product-type.application";
		};
		3E5FFCD01B950CB100ED0BC4 /* LocationRemindersTests */ = {
			isa = PBXNativeTarget;
			buildConfigurationList = 3E5FFCDE1B950CB100ED0BC4 /* Build configuration list for PBXNativeTarget "LocationRemindersTests" */;
			buildPhases = (
				3E5FFCCD1B950CB100ED0BC4 /* Sources */,
				3E5FFCCE1B950CB100ED0BC4 /* Frameworks */,
				3E5FFCCF1B950CB100ED0BC4 /* Resources */,
			);
			buildRules = (
			);
			dependencies = (
				3E5FFCD31B950CB100ED0BC4 /* PBXTargetDependency */,
			);
			name = LocationRemindersTests;
			productName = LocationRemindersTests;
			productReference = 3E5FFCD11B950CB100ED0BC4 /* LocationRemindersTests.xctest */;
			productType = "com.apple.product-type.bundle.unit-test";
		};
/* End PBXNativeTarget section */

/* Begin PBXProject section */
		3E5FFCB01B950CB100ED0BC4 /* Project object */ = {
			isa = PBXProject;
			attributes = {
				LastUpgradeCheck = 0640;
				ORGANIZATIONNAME = SASH;
				TargetAttributes = {
					3E5FFCB71B950CB100ED0BC4 = {
						CreatedOnToolsVersion = 6.4;
						SystemCapabilities = {
							com.apple.BackgroundModes = {
								enabled = 1;
							};
							com.apple.Maps.iOS = {
								enabled = 1;
							};
						};
					};
					3E5FFCD01B950CB100ED0BC4 = {
						CreatedOnToolsVersion = 6.4;
						TestTargetID = 3E5FFCB71B950CB100ED0BC4;
					};
				};
			};
			buildConfigurationList = 3E5FFCB31B950CB100ED0BC4 /* Build configuration list for PBXProject "LocationReminders" */;
			compatibilityVersion = "Xcode 3.2";
			developmentRegion = English;
			hasScannedForEncodings = 0;
			knownRegions = (
				en,
				Base,
			);
			mainGroup = 3E5FFCAF1B950CB100ED0BC4;
			productRefGroup = 3E5FFCB91B950CB100ED0BC4 /* Products */;
			projectDirPath = "";
			projectRoot = "";
			targets = (
				3E5FFCB71B950CB100ED0BC4 /* LocationReminders */,
				3E5FFCD01B950CB100ED0BC4 /* LocationRemindersTests */,
			);
		};
/* End PBXProject section */

/* Begin PBXResourcesBuildPhase section */
		3E5FFCB61B950CB100ED0BC4 /* Resources */ = {
			isa = PBXResourcesBuildPhase;
			buildActionMask = 2147483647;
			files = (
				3E5FFCC71B950CB100ED0BC4 /* Main.storyboard in Resources */,
				3E5FFCCC1B950CB100ED0BC4 /* LaunchScreen.xib in Resources */,
				3E5FFCC91B950CB100ED0BC4 /* Images.xcassets in Resources */,
			);
			runOnlyForDeploymentPostprocessing = 0;
		};
		3E5FFCCF1B950CB100ED0BC4 /* Resources */ = {
			isa = PBXResourcesBuildPhase;
			buildActionMask = 2147483647;
			files = (
			);
			runOnlyForDeploymentPostprocessing = 0;
		};
/* End PBXResourcesBuildPhase section */

/* Begin PBXSourcesBuildPhase section */
		3E5FFCB41B950CB100ED0BC4 /* Sources */ = {
			isa = PBXSourcesBuildPhase;
			buildActionMask = 2147483647;
			files = (
				3E4B8C241B98D019007BFE57 /* MyLoginViewController.m in Sources */,
				3E5FFCC41B950CB100ED0BC4 /* ViewController.m in Sources */,
				3E4B8C271B9DED8D007BFE57 /* LinkedList.m in Sources */,
				3E5FFCC11B950CB100ED0BC4 /* AppDelegate.m in Sources */,
				3E5FFCBE1B950CB100ED0BC4 /* main.m in Sources */,
				3E4B8C2A1B9E05D0007BFE57 /* Node.m in Sources */,
				3E4B8C181B98BB7C007BFE57 /* constants.m in Sources */,
				3E4B8C151B97CCE6007BFE57 /* Reminder.m in Sources */,
				3E4B8BE21B976D09007BFE57 /* AddReminderDetailViewController.m in Sources */,
			);
			runOnlyForDeploymentPostprocessing = 0;
		};
		3E5FFCCD1B950CB100ED0BC4 /* Sources */ = {
			isa = PBXSourcesBuildPhase;
			buildActionMask = 2147483647;
			files = (
				3E5FFCD81B950CB100ED0BC4 /* LocationRemindersTests.m in Sources */,
			);
			runOnlyForDeploymentPostprocessing = 0;
		};
/* End PBXSourcesBuildPhase section */

/* Begin PBXTargetDependency section */
		3E5FFCD31B950CB100ED0BC4 /* PBXTargetDependency */ = {
			isa = PBXTargetDependency;
			target = 3E5FFCB71B950CB100ED0BC4 /* LocationReminders */;
			targetProxy = 3E5FFCD21B950CB100ED0BC4 /* PBXContainerItemProxy */;
		};
/* End PBXTargetDependency section */

/* Begin PBXVariantGroup section */
		3E5FFCC51B950CB100ED0BC4 /* Main.storyboard */ = {
			isa = PBXVariantGroup;
			children = (
				3E5FFCC61B950CB100ED0BC4 /* Base */,
			);
			name = Main.storyboard;
			sourceTree = "<group>";
		};
		3E5FFCCA1B950CB100ED0BC4 /* LaunchScreen.xib */ = {
			isa = PBXVariantGroup;
			children = (
				3E5FFCCB1B950CB100ED0BC4 /* Base */,
			);
			name = LaunchScreen.xib;
			sourceTree = "<group>";
		};
/* End PBXVariantGroup section */

/* Begin XCBuildConfiguration section */
		3E5FFCD91B950CB100ED0BC4 /* Debug */ = {
			isa = XCBuildConfiguration;
			buildSettings = {
				ALWAYS_SEARCH_USER_PATHS = NO;
				CLANG_CXX_LANGUAGE_STANDARD = "gnu++0x";
				CLANG_CXX_LIBRARY = "libc++";
				CLANG_ENABLE_MODULES = YES;
				CLANG_ENABLE_OBJC_ARC = YES;
				CLANG_WARN_BOOL_CONVERSION = YES;
				CLANG_WARN_CONSTANT_CONVERSION = YES;
				CLANG_WARN_DIRECT_OBJC_ISA_USAGE = YES_ERROR;
				CLANG_WARN_EMPTY_BODY = YES;
				CLANG_WARN_ENUM_CONVERSION = YES;
				CLANG_WARN_INT_CONVERSION = YES;
				CLANG_WARN_OBJC_ROOT_CLASS = YES_ERROR;
				CLANG_WARN_UNREACHABLE_CODE = YES;
				CLANG_WARN__DUPLICATE_METHOD_MATCH = YES;
				"CODE_SIGN_IDENTITY[sdk=iphoneos*]" = "iPhone Developer";
				COPY_PHASE_STRIP = NO;
				DEBUG_INFORMATION_FORMAT = "dwarf-with-dsym";
				ENABLE_STRICT_OBJC_MSGSEND = YES;
				GCC_C_LANGUAGE_STANDARD = gnu99;
				GCC_DYNAMIC_NO_PIC = NO;
				GCC_NO_COMMON_BLOCKS = YES;
				GCC_OPTIMIZATION_LEVEL = 0;
				GCC_PREPROCESSOR_DEFINITIONS = (
					"DEBUG=1",
					"$(inherited)",
				);
				GCC_SYMBOLS_PRIVATE_EXTERN = NO;
				GCC_WARN_64_TO_32_BIT_CONVERSION = YES;
				GCC_WARN_ABOUT_RETURN_TYPE = YES_ERROR;
				GCC_WARN_UNDECLARED_SELECTOR = YES;
				GCC_WARN_UNINITIALIZED_AUTOS = YES_AGGRESSIVE;
				GCC_WARN_UNUSED_FUNCTION = YES;
				GCC_WARN_UNUSED_VARIABLE = YES;
				IPHONEOS_DEPLOYMENT_TARGET = 8.4;
				MTL_ENABLE_DEBUG_INFO = YES;
				ONLY_ACTIVE_ARCH = YES;
				SDKROOT = iphoneos;
				TARGETED_DEVICE_FAMILY = "1,2";
			};
			name = Debug;
		};
		3E5FFCDA1B950CB100ED0BC4 /* Release */ = {
			isa = XCBuildConfiguration;
			buildSettings = {
				ALWAYS_SEARCH_USER_PATHS = NO;
				CLANG_CXX_LANGUAGE_STANDARD = "gnu++0x";
				CLANG_CXX_LIBRARY = "libc++";
				CLANG_ENABLE_MODULES = YES;
				CLANG_ENABLE_OBJC_ARC = YES;
				CLANG_WARN_BOOL_CONVERSION = YES;
				CLANG_WARN_CONSTANT_CONVERSION = YES;
				CLANG_WARN_DIRECT_OBJC_ISA_USAGE = YES_ERROR;
				CLANG_WARN_EMPTY_BODY = YES;
				CLANG_WARN_ENUM_CONVERSION = YES;
				CLANG_WARN_INT_CONVERSION = YES;
				CLANG_WARN_OBJC_ROOT_CLASS = YES_ERROR;
				CLANG_WARN_UNREACHABLE_CODE = YES;
				CLANG_WARN__DUPLICATE_METHOD_MATCH = YES;
				"CODE_SIGN_IDENTITY[sdk=iphoneos*]" = "iPhone Developer";
				COPY_PHASE_STRIP = NO;
				DEBUG_INFORMATION_FORMAT = "dwarf-with-dsym";
				ENABLE_NS_ASSERTIONS = NO;
				ENABLE_STRICT_OBJC_MSGSEND = YES;
				GCC_C_LANGUAGE_STANDARD = gnu99;
				GCC_NO_COMMON_BLOCKS = YES;
				GCC_WARN_64_TO_32_BIT_CONVERSION = YES;
				GCC_WARN_ABOUT_RETURN_TYPE = YES_ERROR;
				GCC_WARN_UNDECLARED_SELECTOR = YES;
				GCC_WARN_UNINITIALIZED_AUTOS = YES_AGGRESSIVE;
				GCC_WARN_UNUSED_FUNCTION = YES;
				GCC_WARN_UNUSED_VARIABLE = YES;
				IPHONEOS_DEPLOYMENT_TARGET = 8.4;
				MTL_ENABLE_DEBUG_INFO = NO;
				SDKROOT = iphoneos;
				TARGETED_DEVICE_FAMILY = "1,2";
				VALIDATE_PRODUCT = YES;
			};
			name = Release;
		};
		3E5FFCDC1B950CB100ED0BC4 /* Debug */ = {
			isa = XCBuildConfiguration;
			buildSettings = {
				ASSETCATALOG_COMPILER_APPICON_NAME = AppIcon;
				FRAMEWORK_SEARCH_PATHS = (
					"$(inherited)",
					"$(PROJECT_DIR)",
				);
				INFOPLIST_FILE = LocationReminders/Info.plist;
				LD_RUNPATH_SEARCH_PATHS = "$(inherited) @executable_path/Frameworks";
				PRODUCT_NAME = "$(TARGET_NAME)";
			};
			name = Debug;
		};
		3E5FFCDD1B950CB100ED0BC4 /* Release */ = {
			isa = XCBuildConfiguration;
			buildSettings = {
				ASSETCATALOG_COMPILER_APPICON_NAME = AppIcon;
				FRAMEWORK_SEARCH_PATHS = (
					"$(inherited)",
					"$(PROJECT_DIR)",
				);
				INFOPLIST_FILE = LocationReminders/Info.plist;
				LD_RUNPATH_SEARCH_PATHS = "$(inherited) @executable_path/Frameworks";
				PRODUCT_NAME = "$(TARGET_NAME)";
			};
			name = Release;
		};
		3E5FFCDF1B950CB100ED0BC4 /* Debug */ = {
			isa = XCBuildConfiguration;
			buildSettings = {
				BUNDLE_LOADER = "$(TEST_HOST)";
				FRAMEWORK_SEARCH_PATHS = (
					"$(SDKROOT)/Developer/Library/Frameworks",
					"$(inherited)",
				);
				GCC_PREPROCESSOR_DEFINITIONS = (
					"DEBUG=1",
					"$(inherited)",
				);
				INFOPLIST_FILE = LocationRemindersTests/Info.plist;
				LD_RUNPATH_SEARCH_PATHS = "$(inherited) @executable_path/Frameworks @loader_path/Frameworks";
				PRODUCT_NAME = "$(TARGET_NAME)";
				TEST_HOST = "$(BUILT_PRODUCTS_DIR)/LocationReminders.app/LocationReminders";
			};
			name = Debug;
		};
		3E5FFCE01B950CB100ED0BC4 /* Release */ = {
			isa = XCBuildConfiguration;
			buildSettings = {
				BUNDLE_LOADER = "$(TEST_HOST)";
				FRAMEWORK_SEARCH_PATHS = (
					"$(SDKROOT)/Developer/Library/Frameworks",
					"$(inherited)",
				);
				INFOPLIST_FILE = LocationRemindersTests/Info.plist;
				LD_RUNPATH_SEARCH_PATHS = "$(inherited) @executable_path/Frameworks @loader_path/Frameworks";
				PRODUCT_NAME = "$(TARGET_NAME)";
				TEST_HOST = "$(BUILT_PRODUCTS_DIR)/LocationReminders.app/LocationReminders";
			};
			name = Release;
		};
/* End XCBuildConfiguration section */

/* Begin XCConfigurationList section */
		3E5FFCB31B950CB100ED0BC4 /* Build configuration list for PBXProject "LocationReminders" */ = {
			isa = XCConfigurationList;
			buildConfigurations = (
				3E5FFCD91B950CB100ED0BC4 /* Debug */,
				3E5FFCDA1B950CB100ED0BC4 /* Release */,
			);
			defaultConfigurationIsVisible = 0;
			defaultConfigurationName = Release;
		};
		3E5FFCDB1B950CB100ED0BC4 /* Build configuration list for PBXNativeTarget "LocationReminders" */ = {
			isa = XCConfigurationList;
			buildConfigurations = (
				3E5FFCDC1B950CB100ED0BC4 /* Debug */,
				3E5FFCDD1B950CB100ED0BC4 /* Release */,
			);
			defaultConfigurationIsVisible = 0;
			defaultConfigurationName = Release;
		};
		3E5FFCDE1B950CB100ED0BC4 /* Build configuration list for PBXNativeTarget "LocationRemindersTests" */ = {
			isa = XCConfigurationList;
			buildConfigurations = (
				3E5FFCDF1B950CB100ED0BC4 /* Debug */,
				3E5FFCE01B950CB100ED0BC4 /* Release */,
			);
			defaultConfigurationIsVisible = 0;
			defaultConfigurationName = Release;
		};
/* End XCConfigurationList section */
	};
	rootObject = 3E5FFCB01B950CB100ED0BC4 /* Project object */;
}
